
Microsoft Visual Studio Solution File, Format Version 12.00
# Visual Studio Version 17
VisualStudioVersion = 17.11.35222.181
MinimumVisualStudioVersion = 10.0.40219.1
Project("{FAE04EC0-301F-11D3-BF4B-00C04F79EFBC}") = "TradingCards_Lipnica", "TradingCards_Lipnica\TradingCards_Lipnica.csproj", "{8314836D-3832-4BF8-A897-3E91467BCCDF}"
EndProject
Global
	GlobalSection(SolutionConfigurationPlatforms) = preSolution
		Debug|Any CPU = Debug|Any CPU
		Release|Any CPU = Release|Any CPU
	EndGlobalSection
	GlobalSection(ProjectConfigurationPlatforms) = postSolution
		{8314836D-3832-4BF8-A897-3E91467BCCDF}.Debug|Any CPU.ActiveCfg = Debug|Any CPU
		{8314836D-3832-4BF8-A897-3E91467BCCDF}.Debug|Any CPU.Build.0 = Debug|Any CPU
		{8314836D-3832-4BF8-A897-3E91467BCCDF}.Release|Any CPU.ActiveCfg = Release|Any CPU
		{8314836D-3832-4BF8-A897-3E91467BCCDF}.Release|Any CPU.Build.0 = Release|Any CPU
	EndGlobalSection
	GlobalSection(SolutionProperties) = preSolution
		HideSolutionNode = FALSE
	EndGlobalSection
	GlobalSection(ExtensibilityGlobals) = postSolution
		SolutionGuid = {015649C5-CCFC-4CB6-B70F-F5CD26FEEDE2}
	EndGlobalSection
EndGlobal
